# @generated by Move, please check-in and do not edit manually.

[move]
version = 0
manifest_digest = "7D51804C9B6E54041416E57CC29AC85381377E891731B28F1E4D6E2B409F4F59"
deps_digest = "F8BBB0CCB2491CA29A3DF03D6F92277A4F3574266507ACD77214D37ECA3F3082"

dependencies = [
  { name = "Sui" },
]

[[move.package]]
name = "MoveStdlib"
source = { git = "https://github.com/MystenLabs/sui.git", rev = "08119f95e9ccdc926eae3fff8c95e50678f56aed", subdir = "crates/sui-framework/packages/move-stdlib" }

[[move.package]]
name = "Sui"
source = { git = "https://github.com/MystenLabs/sui.git", rev = "08119f95e9ccdc926eae3fff8c95e50678f56aed", subdir = "crates/sui-framework/packages/sui-framework" }

dependencies = [
  { name = "MoveStdlib" },
]
