# @generated by Move, please check-in and do not edit manually.

[move]
version = 0

dependencies = [
  { name = "Allowlist" },
  { name = "Authlist" },
  { name = "Kiosk" },
  { name = "Originmate" },
  { name = "Request" },
  { name = "Sui" },
  { name = "Witness" },
]

[[move.package]]
name = "Allowlist"
source = { local = "../allowlist" }

dependencies = [
  { name = "Sui" },
]

[[move.package]]
name = "Authlist"
source = { local = "../authlist" }

dependencies = [
  { name = "Sui" },
]

[[move.package]]
name = "Kiosk"
source = { local = "../kiosk" }

dependencies = [
  { name = "Originmate" },
  { name = "Request" },
  { name = "Sui" },
  { name = "Witness" },
]

[[move.package]]
name = "MoveStdlib"
source = { git = "https://github.com/MystenLabs/sui.git", rev = "c525ba6489261ff6db65e87bf9a3fdda0a6c7be3", subdir = "crates/sui-framework/packages/move-stdlib" }

[[move.package]]
name = "Originmate"
source = { git = "https://github.com/Origin-Byte/originmate.git", rev = "38743a3700abf8577a17e2751e82a4c0c249dfb3", subdir = "" }

dependencies = [
  { name = "Sui" },
]

[[move.package]]
name = "Request"
source = { local = "../request" }

dependencies = [
  { name = "Originmate" },
  { name = "Sui" },
  { name = "Witness" },
]

[[move.package]]
name = "Sui"
source = { git = "https://github.com/MystenLabs/sui.git", rev = "c525ba6489261ff6db65e87bf9a3fdda0a6c7be3", subdir = "crates/sui-framework/packages/sui-framework" }

dependencies = [
  { name = "MoveStdlib" },
]

[[move.package]]
name = "Witness"
source = { local = "../witness" }

dependencies = [
  { name = "Sui" },
]
