# @generated by Move, please check-in and do not edit manually.

[move]
version = 0

dependencies = [
  { name = "Originmate" },
  { name = "Sui" },
]

[[move.package]]
name = "MoveStdlib"
source = { git = "https://github.com/MystenLabs/sui.git", rev = "598f106ef5fbdfbe1b644236f0caf46c94f4d1b7", subdir = "crates/sui-framework/deps/move-stdlib" }

[[move.package]]
name = "Originmate"
source = { git = "https://github.com/Origin-Byte/originmate.git", rev = "ef4e6b505f3fb1546944b770c78091b1ac47e392", subdir = "" }

dependencies = [
  { name = "Sui" },
]

[[move.package]]
name = "Sui"
source = { git = "https://github.com/MystenLabs/sui.git", rev = "598f106ef5fbdfbe1b644236f0caf46c94f4d1b7", subdir = "crates/sui-framework" }

dependencies = [
  { name = "MoveStdlib" },
]
