# @generated by Move, please check-in and do not edit manually.

[move]
version = 0

dependencies = [
  { name = "Originmate" },
  { name = "Sui" },
]

[[move.package]]
name = "MoveStdlib"
source = { git = "https://github.com/MystenLabs/sui.git", rev = "a63f425b9999c7fdfe483598720a9effc0acdc9e", subdir = "crates/sui-framework/packages/move-stdlib" }

[[move.package]]
name = "Originmate"
source = { git = "https://github.com/Origin-Byte/originmate.git", rev = "538bc0d65e5df9e8c8fb0ee4ce21da6aa9129394", subdir = "" }

dependencies = [
  { name = "Sui" },
]

[[move.package]]
name = "Sui"
source = { git = "https://github.com/MystenLabs/sui.git", rev = "a63f425b9999c7fdfe483598720a9effc0acdc9e", subdir = "crates/sui-framework/packages/sui-framework" }

dependencies = [
  { name = "MoveStdlib" },
]
