# @generated by Move, please check-in and do not edit manually.

[move]
version = 0

dependencies = [
  { name = "Originmate" },
  { name = "Sui" },
]

[[move.package]]
name = "MoveStdlib"
source = { git = "https://github.com/MystenLabs/sui.git", rev = "cab7e9762d4d75126a78fdd009b405745657fe57", subdir = "crates/sui-framework/packages/move-stdlib" }

[[move.package]]
name = "Originmate"
source = { git = "https://github.com/Origin-Byte/originmate.git", rev = "c43b53f5d8b519e86d4a64ad0cf6787a7528b01b", subdir = "" }

dependencies = [
  { name = "Sui" },
]

[[move.package]]
name = "Sui"
source = { git = "https://github.com/MystenLabs/sui.git", rev = "cab7e9762d4d75126a78fdd009b405745657fe57", subdir = "crates/sui-framework/packages/sui-framework" }

dependencies = [
  { name = "MoveStdlib" },
]
