# @generated by Move, please check-in and do not edit manually.

[move]
version = 0

dependencies = [
  { name = "Launchpad" },
  { name = "LiquidityLayer" },
  { name = "NftProtocol" },
  { name = "Sui" },
]

[[move.package]]
name = "Allowlist"
source = { local = "../../contracts/allowlist" }

dependencies = [
  { name = "Permissions" },
  { name = "Sui" },
]

[[move.package]]
name = "Authlist"
source = { local = "../../contracts/authlist" }

dependencies = [
  { name = "Permissions" },
  { name = "Sui" },
]

[[move.package]]
name = "Kiosk"
source = { local = "../../contracts/kiosk" }

dependencies = [
  { name = "Permissions" },
  { name = "Request" },
  { name = "Sui" },
]

[[move.package]]
name = "Launchpad"
source = { local = "../../contracts/launchpad" }

dependencies = [
  { name = "Kiosk" },
  { name = "Originmate" },
  { name = "Pseudorandom" },
  { name = "Sui" },
  { name = "Utils" },
]

[[move.package]]
name = "LiquidityLayer"
source = { local = "../../contracts/liquidity_layer" }

dependencies = [
  { name = "Allowlist" },
  { name = "Authlist" },
  { name = "Kiosk" },
  { name = "Permissions" },
  { name = "Request" },
  { name = "Sui" },
  { name = "Utils" },
]

[[move.package]]
name = "MoveStdlib"
source = { git = "https://github.com/MystenLabs/sui.git", rev = "ae1212baf8f0837e25926d941db3d26a61c1bea2", subdir = "crates/sui-framework/packages/move-stdlib" }

[[move.package]]
name = "NftProtocol"
source = { local = "../../contracts/nft_protocol" }

dependencies = [
  { name = "Allowlist" },
  { name = "Authlist" },
  { name = "Kiosk" },
  { name = "LiquidityLayer" },
  { name = "Originmate" },
  { name = "Permissions" },
  { name = "Pseudorandom" },
  { name = "Request" },
  { name = "Sui" },
  { name = "Utils" },
]

[[move.package]]
name = "Originmate"
source = { git = "https://github.com/Origin-Byte/originmate.git", rev = "36e02283fa00451e8476a1bbc201af9a248396de", subdir = "" }

dependencies = [
  { name = "Sui" },
]

[[move.package]]
name = "Permissions"
source = { local = "../../contracts/permissions" }

dependencies = [
  { name = "Sui" },
  { name = "Utils" },
]

[[move.package]]
name = "Pseudorandom"
source = { local = "../../contracts/pseudorandom" }

dependencies = [
  { name = "Sui" },
]

[[move.package]]
name = "Request"
source = { local = "../../contracts/request" }

dependencies = [
  { name = "Permissions" },
  { name = "Sui" },
]

[[move.package]]
name = "Sui"
source = { git = "https://github.com/MystenLabs/sui.git", rev = "ae1212baf8f0837e25926d941db3d26a61c1bea2", subdir = "crates/sui-framework/packages/sui-framework" }

dependencies = [
  { name = "MoveStdlib" },
]

[[move.package]]
name = "Utils"
source = { local = "../../contracts/utils" }

dependencies = [
  { name = "Pseudorandom" },
  { name = "Sui" },
]
