# @generated by Move, please check-in and do not edit manually.

[move]
version = 0

dependencies = [
  { name = "NftProtocol" },
  { name = "Originmate" },
  { name = "Sui" },
]

[[move.package]]
name = "MoveStdlib"
source = { git = "https://github.com/MystenLabs/sui.git", rev = "82c9c80c11488858f1d3930f47ec9f335a566683", subdir = "crates/sui-framework/packages/move-stdlib" }

[[move.package]]
name = "NftProtocol"
source = { local = "../.." }

dependencies = [
  { name = "Originmate" },
  { name = "Sui" },
]

[[move.package]]
name = "Originmate"
source = { git = "https://github.com/Origin-Byte/originmate.git", rev = "be1922aeef3941d1ba846d2295c94fc9ef68a8e1", subdir = "" }

dependencies = [
  { name = "Sui" },
]

[[move.package]]
name = "Sui"
source = { git = "https://github.com/MystenLabs/sui.git", rev = "82c9c80c11488858f1d3930f47ec9f335a566683", subdir = "crates/sui-framework/packages/sui-framework" }

dependencies = [
  { name = "MoveStdlib" },
]
