# @generated by Move, please check-in and do not edit manually.

[move]
version = 0
manifest_digest = "D25F8FE385BF7486A0BD2ED13FC8AE648E17522C7910949DB2A636739BCCD178"
deps_digest = "3C4103934B1E040BB6B23F1D610B4EF9F2F1166A50A104EADCF77467C004C600"

dependencies = [
  { name = "Permissions" },
  { name = "Sui" },
]

[[move.package]]
name = "MoveStdlib"
source = { git = "https://github.com/MystenLabs/sui.git", rev = "08119f95e9ccdc926eae3fff8c95e50678f56aed", subdir = "crates/sui-framework/packages/move-stdlib" }

[[move.package]]
name = "Permissions"
source = { local = "../permissions" }

dependencies = [
  { name = "Sui" },
  { name = "Utils" },
]

[[move.package]]
name = "Pseudorandom"
source = { local = "../pseudorandom" }

dependencies = [
  { name = "Sui" },
]

[[move.package]]
name = "Sui"
source = { git = "https://github.com/MystenLabs/sui.git", rev = "08119f95e9ccdc926eae3fff8c95e50678f56aed", subdir = "crates/sui-framework/packages/sui-framework" }

dependencies = [
  { name = "MoveStdlib" },
]

[[move.package]]
name = "Utils"
source = { local = "../utils" }

dependencies = [
  { name = "Pseudorandom" },
  { name = "Sui" },
]
