# @generated by Move, please check-in and do not edit manually.

[move]
version = 0
manifest_digest = "E6F716FE498EED031A8C4D3742C31F76BB39389A0C9FCDBD462D02C1DBE13560"
deps_digest = "060AD7E57DFB13104F21BE5F5C3759D03F0553FC3229247D9A7A6B45F50D03A3"

dependencies = [
  { name = "Launchpad" },
  { name = "NftProtocol" },
  { name = "Sui" },
]

[[move.package]]
name = "Allowlist"
source = { local = "../../contracts/allowlist" }

dependencies = [
  { name = "Permissions" },
  { name = "Sui" },
]

[[move.package]]
name = "Authlist"
source = { local = "../../contracts/authlist" }

dependencies = [
  { name = "Permissions" },
  { name = "Sui" },
]

[[move.package]]
name = "Kiosk"
source = { local = "../../contracts/kiosk" }

dependencies = [
  { name = "Permissions" },
  { name = "Request" },
  { name = "Sui" },
]

[[move.package]]
name = "Launchpad"
source = { local = "../../contracts/launchpad" }

dependencies = [
  { name = "Kiosk" },
  { name = "Originmate" },
  { name = "Pseudorandom" },
  { name = "Sui" },
  { name = "Utils" },
]

[[move.package]]
name = "MoveStdlib"
source = { git = "https://github.com/MystenLabs/sui.git", rev = "08119f95e9ccdc926eae3fff8c95e50678f56aed", subdir = "crates/sui-framework/packages/move-stdlib" }

[[move.package]]
name = "NftProtocol"
source = { local = "../../contracts/nft_protocol" }

dependencies = [
  { name = "Allowlist" },
  { name = "Authlist" },
  { name = "Kiosk" },
  { name = "Originmate" },
  { name = "Permissions" },
  { name = "Pseudorandom" },
  { name = "Request" },
  { name = "Sui" },
  { name = "Utils" },
]

[[move.package]]
name = "Originmate"
source = { local = "../../contracts/originmate" }

dependencies = [
  { name = "Sui" },
]

[[move.package]]
name = "Permissions"
source = { local = "../../contracts/permissions" }

dependencies = [
  { name = "Sui" },
  { name = "Utils" },
]

[[move.package]]
name = "Pseudorandom"
source = { local = "../../contracts/pseudorandom" }

dependencies = [
  { name = "Sui" },
]

[[move.package]]
name = "Request"
source = { local = "../../contracts/request" }

dependencies = [
  { name = "Permissions" },
  { name = "Sui" },
]

[[move.package]]
name = "Sui"
source = { git = "https://github.com/MystenLabs/sui.git", rev = "08119f95e9ccdc926eae3fff8c95e50678f56aed", subdir = "crates/sui-framework/packages/sui-framework" }

dependencies = [
  { name = "MoveStdlib" },
]

[[move.package]]
name = "Utils"
source = { local = "../../contracts/utils" }

dependencies = [
  { name = "Pseudorandom" },
  { name = "Sui" },
]
