# @generated by Move, please check-in and do not edit manually.

[move]
version = 0

dependencies = [
  { name = "Pseudorandom" },
  { name = "Sui" },
]

[[move.package]]
name = "MoveStdlib"
source = { git = "https://github.com/MystenLabs/sui.git", rev = "e1173ae8288b4ba3b7f41412e67225573b8fb6d3", subdir = "crates/sui-framework/packages/move-stdlib" }

[[move.package]]
name = "Pseudorandom"
source = { local = "../pseudorandom" }

dependencies = [
  { name = "Sui" },
]

[[move.package]]
name = "Sui"
source = { git = "https://github.com/MystenLabs/sui.git", rev = "e1173ae8288b4ba3b7f41412e67225573b8fb6d3", subdir = "crates/sui-framework/packages/sui-framework" }

dependencies = [
  { name = "MoveStdlib" },
]
