# @generated by Move, please check-in and do not edit manually.

[move]
version = 0

dependencies = [
  { name = "Allowlist" },
  { name = "Authlist" },
  { name = "Kiosk" },
  { name = "LaunchpadV2" },
  { name = "LiquidityLayer" },
  { name = "LiquidityLayerV1" },
  { name = "NftProtocol" },
  { name = "Originmate" },
  { name = "Permissions" },
  { name = "Request" },
  { name = "Sui" },
]

[[move.package]]
name = "Allowlist"
source = { local = "../allowlist" }

dependencies = [
  { name = "Permissions" },
  { name = "Sui" },
]

[[move.package]]
name = "Authlist"
source = { local = "../authlist" }

dependencies = [
  { name = "Permissions" },
  { name = "Sui" },
]

[[move.package]]
name = "Kiosk"
source = { local = "../kiosk" }

dependencies = [
  { name = "Permissions" },
  { name = "Request" },
  { name = "Sui" },
]

[[move.package]]
name = "LaunchpadV2"
source = { local = "../launchpad_v2" }

dependencies = [
  { name = "NftProtocol" },
  { name = "Originmate" },
  { name = "Pseudorandom" },
  { name = "Sui" },
  { name = "Utils" },
]

[[move.package]]
name = "LiquidityLayer"
source = { local = "../liquidity_layer" }

dependencies = [
  { name = "Allowlist" },
  { name = "Authlist" },
  { name = "Kiosk" },
  { name = "LiquidityLayerV1" },
  { name = "Permissions" },
  { name = "Request" },
  { name = "RequestExtensions" },
  { name = "Sui" },
  { name = "Utils" },
]

[[move.package]]
name = "LiquidityLayerV1"
source = { local = "../liquidity_layer_v1" }

dependencies = [
  { name = "Allowlist" },
  { name = "Authlist" },
  { name = "Kiosk" },
  { name = "Originmate" },
  { name = "Permissions" },
  { name = "Request" },
  { name = "Sui" },
  { name = "Utils" },
]

[[move.package]]
name = "MoveStdlib"
source = { git = "https://github.com/MystenLabs/sui.git", rev = "ae1212baf8f0837e25926d941db3d26a61c1bea2", subdir = "crates/sui-framework/packages/move-stdlib" }

[[move.package]]
name = "NftProtocol"
source = { local = "../nft_protocol" }

dependencies = [
  { name = "Allowlist" },
  { name = "Authlist" },
  { name = "Kiosk" },
  { name = "LiquidityLayer" },
  { name = "Originmate" },
  { name = "Permissions" },
  { name = "Pseudorandom" },
  { name = "Request" },
  { name = "RequestExtensions" },
  { name = "Sui" },
  { name = "Utils" },
]

[[move.package]]
name = "Originmate"
source = { git = "https://github.com/Origin-Byte/originmate.git", rev = "36e02283fa00451e8476a1bbc201af9a248396de", subdir = "" }

dependencies = [
  { name = "Sui" },
]

[[move.package]]
name = "Permissions"
source = { local = "../permissions" }

dependencies = [
  { name = "Sui" },
  { name = "Utils" },
]

[[move.package]]
name = "Pseudorandom"
source = { local = "../pseudorandom" }

dependencies = [
  { name = "Sui" },
]

[[move.package]]
name = "Request"
source = { local = "../request" }

dependencies = [
  { name = "Permissions" },
  { name = "Sui" },
]

[[move.package]]
name = "RequestExtensions"
source = { local = "../request_extensions" }

dependencies = [
  { name = "Permissions" },
  { name = "Request" },
  { name = "Sui" },
]

[[move.package]]
name = "Sui"
source = { git = "https://github.com/MystenLabs/sui.git", rev = "ae1212baf8f0837e25926d941db3d26a61c1bea2", subdir = "crates/sui-framework/packages/sui-framework" }

dependencies = [
  { name = "MoveStdlib" },
]

[[move.package]]
name = "Utils"
source = { local = "../utils" }

dependencies = [
  { name = "Pseudorandom" },
  { name = "Sui" },
]
