# @generated by Move, please check-in and do not edit manually.

[move]
version = 0
manifest_digest = "DEB832D67D7CE242D2C941D27F93DCC1ED095FFD80C39C0084A15EF591DB7A3E"
deps_digest = "060AD7E57DFB13104F21BE5F5C3759D03F0553FC3229247D9A7A6B45F50D03A3"

dependencies = [
  { name = "Permissions" },
  { name = "Request" },
  { name = "Sui" },
]

[[move.package]]
name = "MoveStdlib"
source = { git = "https://github.com/MystenLabs/sui.git", rev = "mainnet-v1.19.1", subdir = "crates/sui-framework/packages/move-stdlib" }

[[move.package]]
name = "Permissions"
source = { local = "../permissions" }

dependencies = [
  { name = "Sui" },
  { name = "Utils" },
]

[[move.package]]
name = "Pseudorandom"
source = { local = "../pseudorandom" }

dependencies = [
  { name = "Sui" },
]

[[move.package]]
name = "Request"
source = { local = "../request" }

dependencies = [
  { name = "Permissions" },
  { name = "Sui" },
]

[[move.package]]
name = "Sui"
source = { git = "https://github.com/MystenLabs/sui.git", rev = "mainnet-v1.19.1", subdir = "crates/sui-framework/packages/sui-framework" }

dependencies = [
  { name = "MoveStdlib" },
]

[[move.package]]
name = "Utils"
source = { local = "../utils" }

dependencies = [
  { name = "Pseudorandom" },
  { name = "Sui" },
]

[move.toolchain-version]
compiler-version = "1.19.1"
edition = "legacy"
flavor = "sui"
