# @generated by Move, please check-in and do not edit manually.

[move]
version = 0
manifest_digest = "A57F309ACF341E10D8F8A331E9274D2F8404918E6C882E65DD9EDE8A16B73918"
deps_digest = "3C4103934B1E040BB6B23F1D610B4EF9F2F1166A50A104EADCF77467C004C600"

dependencies = [
  { name = "Sui" },
  { name = "Utils" },
]

[[move.package]]
name = "MoveStdlib"
source = { git = "https://github.com/MystenLabs/sui.git", rev = "08119f95e9ccdc926eae3fff8c95e50678f56aed", subdir = "crates/sui-framework/packages/move-stdlib" }

[[move.package]]
name = "Pseudorandom"
source = { local = "../pseudorandom" }

dependencies = [
  { name = "Sui" },
]

[[move.package]]
name = "Sui"
source = { git = "https://github.com/MystenLabs/sui.git", rev = "08119f95e9ccdc926eae3fff8c95e50678f56aed", subdir = "crates/sui-framework/packages/sui-framework" }

dependencies = [
  { name = "MoveStdlib" },
]

[[move.package]]
name = "Utils"
source = { local = "../utils" }

dependencies = [
  { name = "Pseudorandom" },
  { name = "Sui" },
]
