# @generated by Move, please check-in and do not edit manually.

[move]
version = 0

dependencies = [
  { name = "Permissions" },
  { name = "Sui" },
]

[[move.package]]
name = "MoveStdlib"
source = { git = "https://github.com/MystenLabs/sui.git", rev = "a2af559f9ea21e09ca7e377e3b477fc2b5239fc7", subdir = "crates/sui-framework/packages/move-stdlib" }

[[move.package]]
name = "Permissions"
source = { local = "../permissions" }

dependencies = [
  { name = "Sui" },
  { name = "Utils" },
]

[[move.package]]
name = "Pseudorandom"
source = { local = "../pseudorandom" }

dependencies = [
  { name = "Sui" },
]

[[move.package]]
name = "Sui"
source = { git = "https://github.com/MystenLabs/sui.git", rev = "a2af559f9ea21e09ca7e377e3b477fc2b5239fc7", subdir = "crates/sui-framework/packages/sui-framework" }

dependencies = [
  { name = "MoveStdlib" },
]

[[move.package]]
name = "Utils"
source = { local = "../utils" }

dependencies = [
  { name = "Pseudorandom" },
  { name = "Sui" },
]
