# @generated by Move, please check-in and do not edit manually.

[move]
version = 0

dependencies = [
  { name = "NftProtocol" },
  { name = "Originmate" },
  { name = "Sui" },
]

[[move.package]]
name = "MoveStdlib"
source = { git = "https://github.com/MystenLabs/sui.git", rev = "a63f425b9999c7fdfe483598720a9effc0acdc9e", subdir = "crates/sui-framework/packages/move-stdlib" }

[[move.package]]
name = "NftProtocol"
source = { local = ".." }

dependencies = [
  { name = "Originmate" },
  { name = "Sui" },
]

[[move.package]]
name = "Originmate"
source = { git = "https://github.com/Origin-Byte/originmate.git", rev = "76b1d610db3e779473f4cbc2a40de8d04b79c7a6", subdir = "" }

dependencies = [
  { name = "Sui" },
]

[[move.package]]
name = "Sui"
source = { git = "https://github.com/MystenLabs/sui.git", rev = "a63f425b9999c7fdfe483598720a9effc0acdc9e", subdir = "crates/sui-framework/packages/sui-framework" }

dependencies = [
  { name = "MoveStdlib" },
]
