# @generated by Move, please check-in and do not edit manually.

[move]
version = 0

dependencies = [
  { name = "NftProtocol" },
  { name = "Originmate" },
  { name = "Sui" },
]

[[move.package]]
name = "MoveStdlib"
source = { git = "https://github.com/MystenLabs/sui.git", rev = "9ea7599fe5ca95454e43038ef41884753cee753c", subdir = "crates/sui-framework/packages/move-stdlib" }

[[move.package]]
name = "NftProtocol"
source = { local = ".." }

dependencies = [
  { name = "Originmate" },
  { name = "Sui" },
]

[[move.package]]
name = "Originmate"
source = { git = "https://github.com/Origin-Byte/originmate.git", rev = "bc5e9b02e85d831aed10bd0d39713a8793d9a6a4", subdir = "" }

dependencies = [
  { name = "Sui" },
]

[[move.package]]
name = "Sui"
source = { git = "https://github.com/MystenLabs/sui.git", rev = "9ea7599fe5ca95454e43038ef41884753cee753c", subdir = "crates/sui-framework/packages/sui-framework" }

dependencies = [
  { name = "MoveStdlib" },
]
